
Microsoft Visual Studio Solution File, Format Version 11.00
# Visual Studio 2010
Project("{FAE04EC0-301F-11D3-BF4B-00C04F79EFBC}") = "Speech-Sandbox", "Assembly-CSharp.csproj", "{9FF6ABB6-A459-C2AB-3780-38101CB6F89F}"
EndProject
Project("{FAE04EC0-301F-11D3-BF4B-00C04F79EFBC}") = "Speech-Sandbox", "Assembly-CSharp-firstpass.csproj", "{437CD7AD-D00C-3333-2C27-3D553E7DDF65}"
EndProject
Project("{FAE04EC0-301F-11D3-BF4B-00C04F79EFBC}") = "Speech-Sandbox", "Assembly-CSharp-Editor.csproj", "{60271979-7C96-664D-D3F5-252D639E5D81}"
EndProject
Global
	GlobalSection(SolutionConfigurationPlatforms) = preSolution
		Debug|Any CPU = Debug|Any CPU
		Release|Any CPU = Release|Any CPU
	EndGlobalSection
	GlobalSection(ProjectConfigurationPlatforms) = postSolution
		{9FF6ABB6-A459-C2AB-3780-38101CB6F89F}.Debug|Any CPU.ActiveCfg = Debug|Any CPU
		{9FF6ABB6-A459-C2AB-3780-38101CB6F89F}.Debug|Any CPU.Build.0 = Debug|Any CPU
		{9FF6ABB6-A459-C2AB-3780-38101CB6F89F}.Release|Any CPU.ActiveCfg = Release|Any CPU
		{9FF6ABB6-A459-C2AB-3780-38101CB6F89F}.Release|Any CPU.Build.0 = Release|Any CPU
		{437CD7AD-D00C-3333-2C27-3D553E7DDF65}.Debug|Any CPU.ActiveCfg = Debug|Any CPU
		{437CD7AD-D00C-3333-2C27-3D553E7DDF65}.Debug|Any CPU.Build.0 = Debug|Any CPU
		{437CD7AD-D00C-3333-2C27-3D553E7DDF65}.Release|Any CPU.ActiveCfg = Release|Any CPU
		{437CD7AD-D00C-3333-2C27-3D553E7DDF65}.Release|Any CPU.Build.0 = Release|Any CPU
		{60271979-7C96-664D-D3F5-252D639E5D81}.Debug|Any CPU.ActiveCfg = Debug|Any CPU
		{60271979-7C96-664D-D3F5-252D639E5D81}.Debug|Any CPU.Build.0 = Debug|Any CPU
		{60271979-7C96-664D-D3F5-252D639E5D81}.Release|Any CPU.ActiveCfg = Release|Any CPU
		{60271979-7C96-664D-D3F5-252D639E5D81}.Release|Any CPU.Build.0 = Release|Any CPU
	EndGlobalSection
	GlobalSection(SolutionProperties) = preSolution
		HideSolutionNode = FALSE
	EndGlobalSection
	GlobalSection(MonoDevelopProperties) = preSolution
		StartupItem = Assembly-CSharp.csproj
	EndGlobalSection
EndGlobal
